uuid: 753a23d1-8491-4f69-a385-71e1eb927a51
langcode: ru
status: true
dependencies:
  content:
    - 'block_content:basic:a4d720cd-0c16-47b6-a8fc-006a6cf6325b'
  module:
    - block_content
    - system
  theme:
    - blondytan2
id: treatment_block
theme: blondytan2
region: content
weight: -9
provider: null
plugin: 'block_content:a4d720cd-0c16-47b6-a8fc-006a6cf6325b'
settings:
  id: 'block_content:a4d720cd-0c16-47b6-a8fc-006a6cf6325b'
  label: Блок-обращение
  label_display: '0'
  provider: block_content
  status: true
  info: ''
  view_mode: full
visibility:
  request_path:
    id: request_path
    negate: false
    context_mapping: {  }
    pages: '<front>'
