uuid: fe0039b7-7cbb-491b-b7fc-bcdd6baec757
langcode: ru
status: true
dependencies:
  config:
    - contact.form.feedback
  module:
    - contact_block
    - node
    - system
  theme:
    - blondytan2
id: feedback_contact_block
theme: blondytan2
region: content
weight: -1
provider: null
plugin: contact_block
settings:
  id: contact_block
  label: 'Форма обратной связи'
  provider: contact_block
  label_display: '0'
  contact_form: feedback
visibility:
  node_type:
    id: node_type
    bundles:
      page: page
    negate: false
    context_mapping:
      node: '@node.node_route_context:node'
  request_path:
    id: request_path
    pages: /contacts/feedback
    negate: false
    context_mapping: {  }
