uuid: 91fa75f8-2f25-4bcf-a3fa-c1aa5facc9c1
langcode: ru
status: true
dependencies:
  config:
    - views.view.other_resources_view
  module:
    - system
    - views
  theme:
    - blondytan2
id: other_resources_view_block
theme: blondytan2
region: content
weight: -6
provider: null
plugin: 'views_block:other_resources_view-block_1'
settings:
  id: 'views_block:other_resources_view-block_1'
  label: ''
  label_display: visible
  provider: views
  views_label: ''
  items_per_page: none
visibility:
  request_path:
    id: request_path
    negate: false
    context_mapping: {  }
    pages: '<front>'
