uuid: 24a81e0c-9849-4968-926f-387960841380
langcode: ru
status: true
dependencies:
  content:
    - 'block_content:basic:d592ca00-46f4-4ee7-96d1-0ab51ca78238'
  module:
    - block_content
    - system
  theme:
    - blondytan2
id: tiles_block
theme: blondytan2
region: content
weight: -9
provider: null
plugin: 'block_content:d592ca00-46f4-4ee7-96d1-0ab51ca78238'
settings:
  id: 'block_content:d592ca00-46f4-4ee7-96d1-0ab51ca78238'
  label: Блок-тайлы
  provider: block_content
  label_display: '0'
  status: true
  info: ''
  view_mode: full
visibility:
  request_path:
    id: request_path
    pages: '<front>'
    negate: false
    context_mapping: {  }
