uuid: 64b3755d-8698-427d-9aa0-b62f53c7d6f0
langcode: ru
status: true
dependencies:
  config:
    - contact.form.appointment
  module:
    - contact_block
    - node
    - system
  theme:
    - blondytan2
id: appointment_contact_block
theme: blondytan2
region: content
weight: 1
provider: null
plugin: contact_block
settings:
  id: contact_block
  label: 'Форма записи на прием'
  label_display: '0'
  provider: contact_block
  contact_form: appointment
visibility:
  request_path:
    id: request_path
    negate: false
    context_mapping: {  }
    pages: /contacts/appointment
  'entity_bundle:node':
    id: 'entity_bundle:node'
    negate: false
    context_mapping:
      node: '@node.node_route_context:node'
    bundles:
      page: page
