uuid: b08b33e0-88fa-42c0-ae9c-377ef385076d
langcode: ru
status: true
dependencies:
  content:
    - 'block_content:basic:1aa6e635-78b7-45e7-bda4-93d62ee3bcc5'
  module:
    - block_content
    - node
    - system
  theme:
    - blondytan2
id: map_block
theme: blondytan2
region: content
weight: -4
provider: null
plugin: 'block_content:1aa6e635-78b7-45e7-bda4-93d62ee3bcc5'
settings:
  id: 'block_content:1aa6e635-78b7-45e7-bda4-93d62ee3bcc5'
  label: Блок-карта
  provider: block_content
  label_display: '0'
  status: true
  info: ''
  view_mode: full
visibility:
  request_path:
    id: request_path
    pages: /contacts
    negate: false
    context_mapping: {  }
  node_type:
    id: node_type
    bundles:
      page: page
    negate: false
    context_mapping:
      node: '@node.node_route_context:node'
