uuid: 45bd3010-6070-4ba6-bc1d-294d5c26b759
langcode: ru
status: true
dependencies:
  content:
    - 'block_content:basic:ba676b77-3a42-40e4-9f89-c7f037de1445'
  module:
    - block_content
    - system
  theme:
    - blondytan2
id: complaint_block
theme: blondytan2
region: content
weight: -7
provider: null
plugin: 'block_content:ba676b77-3a42-40e4-9f89-c7f037de1445'
settings:
  id: 'block_content:ba676b77-3a42-40e4-9f89-c7f037de1445'
  label: 'Жалобы на всё'
  label_display: '0'
  provider: block_content
  status: true
  info: ''
  view_mode: full
visibility:
  request_path:
    id: request_path
    negate: false
    context_mapping: {  }
    pages: '<front>'
