uuid: e0b32663-f090-4a9c-9163-72238a4602e2
langcode: ru
status: true
dependencies:
  content:
    - 'block_content:basic:0df576af-874d-405a-8e8d-a09677d8867b'
  module:
    - block_content
    - system
  theme:
    - blondytan2
id: banners_block
theme: blondytan2
region: content
weight: -7
provider: null
plugin: 'block_content:0df576af-874d-405a-8e8d-a09677d8867b'
settings:
  id: 'block_content:0df576af-874d-405a-8e8d-a09677d8867b'
  label: Баннеры
  provider: block_content
  label_display: '0'
  status: true
  info: ''
  view_mode: full
visibility:
  request_path:
    id: request_path
    pages: '<front>'
    negate: false
    context_mapping: {  }
