uuid: 6b25a54f-37a7-4cd8-ad93-dc3f8687d4c5
langcode: ru
status: true
dependencies:
  content:
    - 'block_content:basic:575f5e59-c794-4b7b-b987-387433e1caf6'
  module:
    - block_content
    - system
  theme:
    - blondytan2
id: info_block
theme: blondytan2
region: content
weight: -10
provider: null
plugin: 'block_content:575f5e59-c794-4b7b-b987-387433e1caf6'
settings:
  id: 'block_content:575f5e59-c794-4b7b-b987-387433e1caf6'
  label: Информация
  label_display: '0'
  provider: block_content
  status: true
  info: ''
  view_mode: full
visibility:
  request_path:
    id: request_path
    negate: false
    pages: '<front>'
