uuid: 62d8fedb-a4b8-48f0-94e8-e0fe89376376
langcode: ru
status: true
dependencies:
  content:
    - 'block_content:basic:7ee728f6-21f7-4338-8f01-fc9036ab57ba'
  module:
    - block_content
    - system
  theme:
    - blondytan2
id: carousel_block
theme: blondytan2
region: content
weight: -13
provider: null
plugin: 'block_content:7ee728f6-21f7-4338-8f01-fc9036ab57ba'
settings:
  id: 'block_content:7ee728f6-21f7-4338-8f01-fc9036ab57ba'
  label: Блок-карусель
  label_display: '0'
  provider: block_content
  status: true
  info: ''
  view_mode: full
visibility:
  request_path:
    id: request_path
    negate: false
    context_mapping: {  }
    pages: '<front>'
