uuid: 3d8e38d3-ab76-41b3-872d-6556d417a6f6
langcode: ru
status: true
dependencies:
  content:
    - 'block_content:basic:f7216235-f9d7-4422-89be-7737102a1a05'
  module:
    - block_content
    - system
  theme:
    - blondytan2
id: educational_programs_block
theme: blondytan2
region: content
weight: -7
provider: null
plugin: 'block_content:f7216235-f9d7-4422-89be-7737102a1a05'
settings:
  id: 'block_content:f7216235-f9d7-4422-89be-7737102a1a05'
  label: 'Блок-категории доступных программ'
  label_display: '0'
  provider: block_content
  status: true
  info: ''
  view_mode: full
visibility:
  request_path:
    id: request_path
    negate: false
    pages: '<front>'
