uuid: 17c0bbd3-19e9-4ea4-a7e9-ea9fdec67251
langcode: ru
status: true
dependencies:
  content:
    - 'block_content:basic:17871698-a804-4ef2-8488-f9c68c252cce'
  module:
    - block_content
    - system
  theme:
    - blondytan2
id: banners_block
theme: blondytan2
region: content
weight: -4
provider: null
plugin: 'block_content:17871698-a804-4ef2-8488-f9c68c252cce'
settings:
  id: 'block_content:17871698-a804-4ef2-8488-f9c68c252cce'
  label: Баннеры
  provider: block_content
  label_display: '0'
  status: true
  info: ''
  view_mode: full
visibility:
  request_path:
    id: request_path
    pages: '<front>'
    negate: false
    context_mapping: {  }
